
Microsoft Visual Studio Solution File, Format Version 10.00
# Visual Studio 2008
Project("{8BC9CEB8-8B4A-11D0-8D11-00A0C91BC942}") = "IISKeywordsFilter", "IISKeywordsFilter.vcproj", "{ECA28A57-0333-41EB-92D8-DBE63E7D4488}"
EndProject
Global
	GlobalSection(SolutionConfigurationPlatforms) = preSolution
		Debug|Win32 = Debug|Win32
		Release|Win32 = Release|Win32
	EndGlobalSection
	GlobalSection(ProjectConfigurationPlatforms) = postSolution
		{ECA28A57-0333-41EB-92D8-DBE63E7D4488}.Debug|Win32.ActiveCfg = Debug|Win32
		{ECA28A57-0333-41EB-92D8-DBE63E7D4488}.Debug|Win32.Build.0 = Debug|Win32
		{ECA28A57-0333-41EB-92D8-DBE63E7D4488}.Release|Win32.ActiveCfg = Release|Win32
		{ECA28A57-0333-41EB-92D8-DBE63E7D4488}.Release|Win32.Build.0 = Release|Win32
	EndGlobalSection
	GlobalSection(SolutionProperties) = preSolution
		HideSolutionNode = FALSE
	EndGlobalSection
EndGlobal
